
Microsoft Visual Studio Solution File, Format Version 12.00
# Visual Studio Version 16
VisualStudioVersion = 16.0.32929.386
MinimumVisualStudioVersion = 10.0.40219.1
Project("{FAE04EC0-301F-11D3-BF4B-00C04F79EFBC}") = "Hava Durumu", "Hava Durumu\Hava Durumu.csproj", "{12BB3CB4-CDE2-4810-9522-111104C1C74B}"
EndProject
Global
	GlobalSection(SolutionConfigurationPlatforms) = preSolution
		Debug|Any CPU = Debug|Any CPU
		Release|Any CPU = Release|Any CPU
	EndGlobalSection
	GlobalSection(ProjectConfigurationPlatforms) = postSolution
		{12BB3CB4-CDE2-4810-9522-111104C1C74B}.Debug|Any CPU.ActiveCfg = Debug|Any CPU
		{12BB3CB4-CDE2-4810-9522-111104C1C74B}.Debug|Any CPU.Build.0 = Debug|Any CPU
		{12BB3CB4-CDE2-4810-9522-111104C1C74B}.Release|Any CPU.ActiveCfg = Release|Any CPU
		{12BB3CB4-CDE2-4810-9522-111104C1C74B}.Release|Any CPU.Build.0 = Release|Any CPU
	EndGlobalSection
	GlobalSection(SolutionProperties) = preSolution
		HideSolutionNode = FALSE
	EndGlobalSection
	GlobalSection(ExtensibilityGlobals) = postSolution
		SolutionGuid = {A672EF00-D48D-405A-90C3-EB3B48FB0B43}
	EndGlobalSection
EndGlobal
